
Microsoft Visual Studio Solution File, Format Version 12.00
# Visual Studio Version 16
VisualStudioVersion = 16.0.32106.194
MinimumVisualStudioVersion = 10.0.40219.1
Project("{FAE04EC0-301F-11D3-BF4B-00C04F79EFBC}") = "APIintro", "APIintro\APIintro.csproj", "{F445BA65-9FCE-45D9-AB41-3D5AABAE7361}"
EndProject
Global
	GlobalSection(SolutionConfigurationPlatforms) = preSolution
		Debug|Any CPU = Debug|Any CPU
		Release|Any CPU = Release|Any CPU
	EndGlobalSection
	GlobalSection(ProjectConfigurationPlatforms) = postSolution
		{F445BA65-9FCE-45D9-AB41-3D5AABAE7361}.Debug|Any CPU.ActiveCfg = Debug|Any CPU
		{F445BA65-9FCE-45D9-AB41-3D5AABAE7361}.Debug|Any CPU.Build.0 = Debug|Any CPU
		{F445BA65-9FCE-45D9-AB41-3D5AABAE7361}.Release|Any CPU.ActiveCfg = Release|Any CPU
		{F445BA65-9FCE-45D9-AB41-3D5AABAE7361}.Release|Any CPU.Build.0 = Release|Any CPU
	EndGlobalSection
	GlobalSection(SolutionProperties) = preSolution
		HideSolutionNode = FALSE
	EndGlobalSection
	GlobalSection(ExtensibilityGlobals) = postSolution
		SolutionGuid = {D3A2E7AC-8A14-45D1-B3DF-F5FF9F7644A8}
	EndGlobalSection
EndGlobal
